{
  "nodes": {
    "dankMaterialShell": {
      "inputs": {
        "dgop": [
          "dgop"
        ],
        "nixpkgs": [
          "nixpkgs"
        ]
      },
      "locked": {
        "lastModified": 1765001413,
        "narHash": "sha256-y5u9eN1qB/IWVqYhVm3qsH8FttoU40Ze3DPQLBXMRhg=",
        "owner": "AvengeMedia",
        "repo": "DankMaterialShell",
        "rev": "8ce78e71343b1769b4c87cac9eae3a45510a4c03",
        "type": "github"
      },
      "original": {
        "owner": "AvengeMedia",
        "repo": "DankMaterialShell",
        "type": "github"
      }
    },
    "dgop": {
      "inputs": {
        "nixpkgs": [
          "nixpkgs"
        ]
      },
      "locked": {
        "lastModified": 1762835999,
        "narHash": "sha256-UykYGrGFOFTmDpKTLNxj1wvd1gbDG4TkqLNSbV0TYwk=",
        "owner": "AvengeMedia",
        "repo": "dgop",
        "rev": "799301991cd5dcea9b64245f9d500dcc76615653",
        "type": "github"
      },
      "original": {
        "owner": "AvengeMedia",
        "repo": "dgop",
        "type": "github"
      }
    },
    "dolphin-overlay": {
      "inputs": {
        "nixpkgs": "nixpkgs"
      },
      "locked": {
        "lastModified": 1743892246,
        "narHash": "sha256-AHeavUWjnDPT/hffE5hM8RIew+mZJSSr9tUEiSvZW30=",
        "owner": "rumboon",
        "repo": "dolphin-overlay",
        "rev": "55fec3268972876890d6081d3d76a701c37c01d7",
        "type": "github"
      },
      "original": {
        "owner": "rumboon",
        "repo": "dolphin-overlay",
        "type": "github"
      }
    },
    "home-manager": {
      "inputs": {
        "nixpkgs": [
          "nixpkgs"
        ]
      },
      "locked": {
        "lastModified": 1764361670,
        "narHash": "sha256-jgWzgpIaHbL3USIq0gihZeuy1lLf2YSfwvWEwnfAJUw=",
        "owner": "nix-community",
        "repo": "home-manager",
        "rev": "780be8ef503a28939cf9dc7996b48ffb1a3e04c6",
        "type": "github"
      },
      "original": {
        "owner": "nix-community",
        "repo": "home-manager",
        "type": "github"
      }
    },
    "nixpkgs": {
      "locked": {
        "lastModified": 1743890059,
        "narHash": "sha256-QQLhHHGNtAW8qRpseb40zqZlhZUeRRUg2SGmXjfE+so=",
        "owner": "NixOS",
        "repo": "nixpkgs",
        "rev": "58a813438464b5295170efe38d8bd5f40fcc1d23",
        "type": "github"
      },
      "original": {
        "owner": "NixOS",
        "repo": "nixpkgs",
        "type": "github"
      }
    },
    "nixpkgs_2": {
      "locked": {
        "lastModified": 1764242076,
        "narHash": "sha256-sKoIWfnijJ0+9e4wRvIgm/HgE27bzwQxcEmo2J/gNpI=",
        "owner": "NixOS",
        "repo": "nixpkgs",
        "rev": "2fad6eac6077f03fe109c4d4eb171cf96791faa4",
        "type": "github"
      },
      "original": {
        "id": "nixpkgs",
        "ref": "nixos-unstable",
        "type": "indirect"
      }
    },
    "root": {
      "inputs": {
        "dankMaterialShell": "dankMaterialShell",
        "dgop": "dgop",
        "dolphin-overlay": "dolphin-overlay",
        "home-manager": "home-manager",
        "nixpkgs": "nixpkgs_2",
        "zen-browser": "zen-browser"
      }
    },
    "zen-browser": {
      "inputs": {
        "nixpkgs": [
          "nixpkgs"
        ]
      },
      "locked": {
        "lastModified": 1764216441,
        "narHash": "sha256-wvxWNSm19K5zSmTkQNkYwxMBZXOuZCbA45jiT1R9myU=",
        "owner": "youwen5",
        "repo": "zen-browser-flake",
        "rev": "d620f0b8fac4e9b6ee2369fca071f4ea854399f6",
        "type": "github"
      },
      "original": {
        "owner": "youwen5",
        "repo": "zen-browser-flake",
        "type": "github"
      }
    }
  },
  "root": "root",
  "version": 7
}
